
Microsoft Visual Studio Solution File, Format Version 12.00
# Visual Studio Version 16
VisualStudioVersion = 16.0.28922.388
MinimumVisualStudioVersion = 10.0.40219.1
Project("{9A19103F-16F7-4668-BE54-9A1E7A4F7556}") = "Chess-Game-Console", "xadrez-console\Chess-Game-Console.csproj", "{04C539B3-CDCD-4C55-871F-62A56555840A}"
EndProject
Global
	GlobalSection(SolutionConfigurationPlatforms) = preSolution
		Debug|Any CPU = Debug|Any CPU
		Release|Any CPU = Release|Any CPU
	EndGlobalSection
	GlobalSection(ProjectConfigurationPlatforms) = postSolution
		{04C539B3-CDCD-4C55-871F-62A56555840A}.Debug|Any CPU.ActiveCfg = Debug|Any CPU
		{04C539B3-CDCD-4C55-871F-62A56555840A}.Debug|Any CPU.Build.0 = Debug|Any CPU
		{04C539B3-CDCD-4C55-871F-62A56555840A}.Release|Any CPU.ActiveCfg = Release|Any CPU
		{04C539B3-CDCD-4C55-871F-62A56555840A}.Release|Any CPU.Build.0 = Release|Any CPU
	EndGlobalSection
	GlobalSection(SolutionProperties) = preSolution
		HideSolutionNode = FALSE
	EndGlobalSection
	GlobalSection(ExtensibilityGlobals) = postSolution
		SolutionGuid = {BB79BF98-FA87-4D15-BD44-F1E01087CB8E}
	EndGlobalSection
EndGlobal
